// !$*UTF8*$!
{
	archiveVersion = 1;
	classes = {
	};
	objectVersion = 46;
	objects = {

/* Begin PBXBuildFile section */
		A1C577261F5D476800A0C619 /* modelObjects.swift in Sources */ = {isa = PBXBuildFile; fileRef = A1C577251F5D476800A0C619 /* modelObjects.swift */; };
		A1C577281F5D497500A0C619 /* model.swift in Sources */ = {isa = PBXBuildFile; fileRef = A1C577271F5D497500A0C619 /* model.swift */; };
		A1F72AFD1F5DD958007B3271 /* adviceController.swift in Sources */ = {isa = PBXBuildFile; fileRef = A1F72AFC1F5DD958007B3271 /* adviceController.swift */; };
		A1FEF7891F5BBE2000198E22 /* AppDelegate.swift in Sources */ = {isa = PBXBuildFile; fileRef = A1FEF7881F5BBE2000198E22 /* AppDelegate.swift */; };
		A1FEF78B1F5BBE2000198E22 /* ViewController.swift in Sources */ = {isa = PBXBuildFile; fileRef = A1FEF78A1F5BBE2000198E22 /* ViewController.swift */; };
		A1FEF78E1F5BBE2000198E22 /* Main.storyboard in Resources */ = {isa = PBXBuildFile; fileRef = A1FEF78C1F5BBE2000198E22 /* Main.storyboard */; };
		A1FEF7901F5BBE2000198E22 /* Assets.xcassets in Resources */ = {isa = PBXBuildFile; fileRef = A1FEF78F1F5BBE2000198E22 /* Assets.xcassets */; };
		A1FEF7931F5BBE2000198E22 /* LaunchScreen.storyboard in Resources */ = {isa = PBXBuildFile; fileRef = A1FEF7911F5BBE2000198E22 /* LaunchScreen.storyboard */; };
		A1FEF79E1F5BBE2000198E22 /* oraculTests.swift in Sources */ = {isa = PBXBuildFile; fileRef = A1FEF79D1F5BBE2000198E22 /* oraculTests.swift */; };
		A1FEF7A91F5BBE2000198E22 /* oraculUITests.swift in Sources */ = {isa = PBXBuildFile; fileRef = A1FEF7A81F5BBE2000198E22 /* oraculUITests.swift */; };
		A1FEF7C11F5C002800198E22 /* advices.json in Resources */ = {isa = PBXBuildFile; fileRef = A1FEF7BE1F5BF1BC00198E22 /* advices.json */; };
/* End PBXBuildFile section */

/* Begin PBXContainerItemProxy section */
		A1FEF79A1F5BBE2000198E22 /* PBXContainerItemProxy */ = {
			isa = PBXContainerItemProxy;
			containerPortal = A1FEF77D1F5BBE2000198E22 /* Project object */;
			proxyType = 1;
			remoteGlobalIDString = A1FEF7841F5BBE2000198E22;
			remoteInfo = oracul;
		};
		A1FEF7A51F5BBE2000198E22 /* PBXContainerItemProxy */ = {
			isa = PBXContainerItemProxy;
			containerPortal = A1FEF77D1F5BBE2000198E22 /* Project object */;
			proxyType = 1;
			remoteGlobalIDString = A1FEF7841F5BBE2000198E22;
			remoteInfo = oracul;
		};
/* End PBXContainerItemProxy section */

/* Begin PBXFileReference section */
		A1C577251F5D476800A0C619 /* modelObjects.swift */ = {isa = PBXFileReference; fileEncoding = 4; lastKnownFileType = sourcecode.swift; path = modelObjects.swift; sourceTree = "<group>"; };
		A1C577271F5D497500A0C619 /* model.swift */ = {isa = PBXFileReference; fileEncoding = 4; lastKnownFileType = sourcecode.swift; path = model.swift; sourceTree = "<group>"; };
		A1F72AFC1F5DD958007B3271 /* adviceController.swift */ = {isa = PBXFileReference; fileEncoding = 4; lastKnownFileType = sourcecode.swift; path = adviceController.swift; sourceTree = "<group>"; };
		A1FEF7851F5BBE2000198E22 /* oracul.app */ = {isa = PBXFileReference; explicitFileType = wrapper.application; includeInIndex = 0; path = oracul.app; sourceTree = BUILT_PRODUCTS_DIR; };
		A1FEF7881F5BBE2000198E22 /* AppDelegate.swift */ = {isa = PBXFileReference; lastKnownFileType = sourcecode.swift; path = AppDelegate.swift; sourceTree = "<group>"; };
		A1FEF78A1F5BBE2000198E22 /* ViewController.swift */ = {isa = PBXFileReference; lastKnownFileType = sourcecode.swift; path = ViewController.swift; sourceTree = "<group>"; };
		A1FEF78D1F5BBE2000198E22 /* Base */ = {isa = PBXFileReference; lastKnownFileType = file.storyboard; name = Base; path = Base.lproj/Main.storyboard; sourceTree = "<group>"; };
		A1FEF78F1F5BBE2000198E22 /* Assets.xcassets */ = {isa = PBXFileReference; lastKnownFileType = folder.assetcatalog; path = Assets.xcassets; sourceTree = "<group>"; };
		A1FEF7921F5BBE2000198E22 /* Base */ = {isa = PBXFileReference; lastKnownFileType = file.storyboard; name = Base; path = Base.lproj/LaunchScreen.storyboard; sourceTree = "<group>"; };
		A1FEF7941F5BBE2000198E22 /* Info.plist */ = {isa = PBXFileReference; lastKnownFileType = text.plist.xml; path = Info.plist; sourceTree = "<group>"; };
		A1FEF7991F5BBE2000198E22 /* oraculTests.xctest */ = {isa = PBXFileReference; explicitFileType = wrapper.cfbundle; includeInIndex = 0; path = oraculTests.xctest; sourceTree = BUILT_PRODUCTS_DIR; };
		A1FEF79D1F5BBE2000198E22 /* oraculTests.swift */ = {isa = PBXFileReference; lastKnownFileType = sourcecode.swift; path = oraculTests.swift; sourceTree = "<group>"; };
		A1FEF79F1F5BBE2000198E22 /* Info.plist */ = {isa = PBXFileReference; lastKnownFileType = text.plist.xml; path = Info.plist; sourceTree = "<group>"; };
		A1FEF7A41F5BBE2000198E22 /* oraculUITests.xctest */ = {isa = PBXFileReference; explicitFileType = wrapper.cfbundle; includeInIndex = 0; path = oraculUITests.xctest; sourceTree = BUILT_PRODUCTS_DIR; };
		A1FEF7A81F5BBE2000198E22 /* oraculUITests.swift */ = {isa = PBXFileReference; lastKnownFileType = sourcecode.swift; path = oraculUITests.swift; sourceTree = "<group>"; };
		A1FEF7AA1F5BBE2000198E22 /* Info.plist */ = {isa = PBXFileReference; lastKnownFileType = text.plist.xml; path = Info.plist; sourceTree = "<group>"; };
		A1FEF7BE1F5BF1BC00198E22 /* advices.json */ = {isa = PBXFileReference; fileEncoding = 4; lastKnownFileType = text.json; name = advices.json; path = ../../../Downloads/advices.json; sourceTree = "<group>"; };
/* End PBXFileReference section */

/* Begin PBXFrameworksBuildPhase section */
		A1FEF7821F5BBE2000198E22 /* Frameworks */ = {
			isa = PBXFrameworksBuildPhase;
			buildActionMask = 2147483647;
			files = (
			);
			runOnlyForDeploymentPostprocessing = 0;
		};
		A1FEF7961F5BBE2000198E22 /* Frameworks */ = {
			isa = PBXFrameworksBuildPhase;
			buildActionMask = 2147483647;
			files = (
			);
			runOnlyForDeploymentPostprocessing = 0;
		};
		A1FEF7A11F5BBE2000198E22 /* Frameworks */ = {
			isa = PBXFrameworksBuildPhase;
			buildActionMask = 2147483647;
			files = (
			);
			runOnlyForDeploymentPostprocessing = 0;
		};
/* End PBXFrameworksBuildPhase section */

/* Begin PBXGroup section */
		A1FEF77C1F5BBE2000198E22 = {
			isa = PBXGroup;
			children = (
				A1FEF7871F5BBE2000198E22 /* oracul */,
				A1FEF79C1F5BBE2000198E22 /* oraculTests */,
				A1FEF7A71F5BBE2000198E22 /* oraculUITests */,
				A1FEF7861F5BBE2000198E22 /* Products */,
				A1FEF7C01F5BF20600198E22 /* Resource */,
			);
			sourceTree = "<group>";
		};
		A1FEF7861F5BBE2000198E22 /* Products */ = {
			isa = PBXGroup;
			children = (
				A1FEF7851F5BBE2000198E22 /* oracul.app */,
				A1FEF7991F5BBE2000198E22 /* oraculTests.xctest */,
				A1FEF7A41F5BBE2000198E22 /* oraculUITests.xctest */,
			);
			name = Products;
			sourceTree = "<group>";
		};
		A1FEF7871F5BBE2000198E22 /* oracul */ = {
			isa = PBXGroup;
			children = (
				A1C577271F5D497500A0C619 /* model.swift */,
				A1C577251F5D476800A0C619 /* modelObjects.swift */,
				A1F72AFC1F5DD958007B3271 /* adviceController.swift */,
				A1FEF78A1F5BBE2000198E22 /* ViewController.swift */,
				A1FEF7881F5BBE2000198E22 /* AppDelegate.swift */,
				A1FEF78C1F5BBE2000198E22 /* Main.storyboard */,
				A1FEF78F1F5BBE2000198E22 /* Assets.xcassets */,
				A1FEF7911F5BBE2000198E22 /* LaunchScreen.storyboard */,
				A1FEF7941F5BBE2000198E22 /* Info.plist */,
			);
			path = oracul;
			sourceTree = "<group>";
		};
		A1FEF79C1F5BBE2000198E22 /* oraculTests */ = {
			isa = PBXGroup;
			children = (
				A1FEF79D1F5BBE2000198E22 /* oraculTests.swift */,
				A1FEF79F1F5BBE2000198E22 /* Info.plist */,
			);
			path = oraculTests;
			sourceTree = "<group>";
		};
		A1FEF7A71F5BBE2000198E22 /* oraculUITests */ = {
			isa = PBXGroup;
			children = (
				A1FEF7A81F5BBE2000198E22 /* oraculUITests.swift */,
				A1FEF7AA1F5BBE2000198E22 /* Info.plist */,
			);
			path = oraculUITests;
			sourceTree = "<group>";
		};
		A1FEF7C01F5BF20600198E22 /* Resource */ = {
			isa = PBXGroup;
			children = (
				A1FEF7BE1F5BF1BC00198E22 /* advices.json */,
			);
			name = Resource;
			sourceTree = "<group>";
		};
/* End PBXGroup section */

/* Begin PBXNativeTarget section */
		A1FEF7841F5BBE2000198E22 /* oracul */ = {
			isa = PBXNativeTarget;
			buildConfigurationList = A1FEF7AD1F5BBE2000198E22 /* Build configuration list for PBXNativeTarget "oracul" */;
			buildPhases = (
				A1FEF7811F5BBE2000198E22 /* Sources */,
				A1FEF7821F5BBE2000198E22 /* Frameworks */,
				A1FEF7831F5BBE2000198E22 /* Resources */,
			);
			buildRules = (
			);
			dependencies = (
			);
			name = oracul;
			productName = oracul;
			productReference = A1FEF7851F5BBE2000198E22 /* oracul.app */;
			productType = "com.apple.product-type.application";
		};
		A1FEF7981F5BBE2000198E22 /* oraculTests */ = {
			isa = PBXNativeTarget;
			buildConfigurationList = A1FEF7B01F5BBE2000198E22 /* Build configuration list for PBXNativeTarget "oraculTests" */;
			buildPhases = (
				A1FEF7951F5BBE2000198E22 /* Sources */,
				A1FEF7961F5BBE2000198E22 /* Frameworks */,
				A1FEF7971F5BBE2000198E22 /* Resources */,
			);
			buildRules = (
			);
			dependencies = (
				A1FEF79B1F5BBE2000198E22 /* PBXTargetDependency */,
			);
			name = oraculTests;
			productName = oraculTests;
			productReference = A1FEF7991F5BBE2000198E22 /* oraculTests.xctest */;
			productType = "com.apple.product-type.bundle.unit-test";
		};
		A1FEF7A31F5BBE2000198E22 /* oraculUITests */ = {
			isa = PBXNativeTarget;
			buildConfigurationList = A1FEF7B31F5BBE2000198E22 /* Build configuration list for PBXNativeTarget "oraculUITests" */;
			buildPhases = (
				A1FEF7A01F5BBE2000198E22 /* Sources */,
				A1FEF7A11F5BBE2000198E22 /* Frameworks */,
				A1FEF7A21F5BBE2000198E22 /* Resources */,
			);
			buildRules = (
			);
			dependencies = (
				A1FEF7A61F5BBE2000198E22 /* PBXTargetDependency */,
			);
			name = oraculUITests;
			productName = oraculUITests;
			productReference = A1FEF7A41F5BBE2000198E22 /* oraculUITests.xctest */;
			productType = "com.apple.product-type.bundle.ui-testing";
		};
/* End PBXNativeTarget section */

/* Begin PBXProject section */
		A1FEF77D1F5BBE2000198E22 /* Project object */ = {
			isa = PBXProject;
			attributes = {
				LastSwiftUpdateCheck = 0830;
				LastUpgradeCheck = 0830;
				ORGANIZATIONNAME = "Тарас Евченко";
				TargetAttributes = {
					A1FEF7841F5BBE2000198E22 = {
						CreatedOnToolsVersion = 8.3.3;
						DevelopmentTeam = S4H6P8BNJB;
						ProvisioningStyle = Automatic;
					};
					A1FEF7981F5BBE2000198E22 = {
						CreatedOnToolsVersion = 8.3.3;
						DevelopmentTeam = S4H6P8BNJB;
						ProvisioningStyle = Automatic;
						TestTargetID = A1FEF7841F5BBE2000198E22;
					};
					A1FEF7A31F5BBE2000198E22 = {
						CreatedOnToolsVersion = 8.3.3;
						DevelopmentTeam = S4H6P8BNJB;
						ProvisioningStyle = Automatic;
						TestTargetID = A1FEF7841F5BBE2000198E22;
					};
				};
			};
			buildConfigurationList = A1FEF7801F5BBE2000198E22 /* Build configuration list for PBXProject "oracul" */;
			compatibilityVersion = "Xcode 3.2";
			developmentRegion = English;
			hasScannedForEncodings = 0;
			knownRegions = (
				en,
				Base,
			);
			mainGroup = A1FEF77C1F5BBE2000198E22;
			productRefGroup = A1FEF7861F5BBE2000198E22 /* Products */;
			projectDirPath = "";
			projectRoot = "";
			targets = (
				A1FEF7841F5BBE2000198E22 /* oracul */,
				A1FEF7981F5BBE2000198E22 /* oraculTests */,
				A1FEF7A31F5BBE2000198E22 /* oraculUITests */,
			);
		};
/* End PBXProject section */

/* Begin PBXResourcesBuildPhase section */
		A1FEF7831F5BBE2000198E22 /* Resources */ = {
			isa = PBXResourcesBuildPhase;
			buildActionMask = 2147483647;
			files = (
				A1FEF7931F5BBE2000198E22 /* LaunchScreen.storyboard in Resources */,
				A1FEF7901F5BBE2000198E22 /* Assets.xcassets in Resources */,
				A1FEF78E1F5BBE2000198E22 /* Main.storyboard in Resources */,
				A1FEF7C11F5C002800198E22 /* advices.json in Resources */,
			);
			runOnlyForDeploymentPostprocessing = 0;
		};
		A1FEF7971F5BBE2000198E22 /* Resources */ = {
			isa = PBXResourcesBuildPhase;
			buildActionMask = 2147483647;
			files = (
			);
			runOnlyForDeploymentPostprocessing = 0;
		};
		A1FEF7A21F5BBE2000198E22 /* Resources */ = {
			isa = PBXResourcesBuildPhase;
			buildActionMask = 2147483647;
			files = (
			);
			runOnlyForDeploymentPostprocessing = 0;
		};
/* End PBXResourcesBuildPhase section */

/* Begin PBXSourcesBuildPhase section */
		A1FEF7811F5BBE2000198E22 /* Sources */ = {
			isa = PBXSourcesBuildPhase;
			buildActionMask = 2147483647;
			files = (
				A1C577261F5D476800A0C619 /* modelObjects.swift in Sources */,
				A1FEF78B1F5BBE2000198E22 /* ViewController.swift in Sources */,
				A1FEF7891F5BBE2000198E22 /* AppDelegate.swift in Sources */,
				A1F72AFD1F5DD958007B3271 /* adviceController.swift in Sources */,
				A1C577281F5D497500A0C619 /* model.swift in Sources */,
			);
			runOnlyForDeploymentPostprocessing = 0;
		};
		A1FEF7951F5BBE2000198E22 /* Sources */ = {
			isa = PBXSourcesBuildPhase;
			buildActionMask = 2147483647;
			files = (
				A1FEF79E1F5BBE2000198E22 /* oraculTests.swift in Sources */,
			);
			runOnlyForDeploymentPostprocessing = 0;
		};
		A1FEF7A01F5BBE2000198E22 /* Sources */ = {
			isa = PBXSourcesBuildPhase;
			buildActionMask = 2147483647;
			files = (
				A1FEF7A91F5BBE2000198E22 /* oraculUITests.swift in Sources */,
			);
			runOnlyForDeploymentPostprocessing = 0;
		};
/* End PBXSourcesBuildPhase section */

/* Begin PBXTargetDependency section */
		A1FEF79B1F5BBE2000198E22 /* PBXTargetDependency */ = {
			isa = PBXTargetDependency;
			target = A1FEF7841F5BBE2000198E22 /* oracul */;
			targetProxy = A1FEF79A1F5BBE2000198E22 /* PBXContainerItemProxy */;
		};
		A1FEF7A61F5BBE2000198E22 /* PBXTargetDependency */ = {
			isa = PBXTargetDependency;
			target = A1FEF7841F5BBE2000198E22 /* oracul */;
			targetProxy = A1FEF7A51F5BBE2000198E22 /* PBXContainerItemProxy */;
		};
/* End PBXTargetDependency section */

/* Begin PBXVariantGroup section */
		A1FEF78C1F5BBE2000198E22 /* Main.storyboard */ = {
			isa = PBXVariantGroup;
			children = (
				A1FEF78D1F5BBE2000198E22 /* Base */,
			);
			name = Main.storyboard;
			sourceTree = "<group>";
		};
		A1FEF7911F5BBE2000198E22 /* LaunchScreen.storyboard */ = {
			isa = PBXVariantGroup;
			children = (
				A1FEF7921F5BBE2000198E22 /* Base */,
			);
			name = LaunchScreen.storyboard;
			sourceTree = "<group>";
		};
/* End PBXVariantGroup section */

/* Begin XCBuildConfiguration section */
		A1FEF7AB1F5BBE2000198E22 /* Debug */ = {
			isa = XCBuildConfiguration;
			buildSettings = {
				ALWAYS_SEARCH_USER_PATHS = NO;
				CLANG_ANALYZER_NONNULL = YES;
				CLANG_ANALYZER_NUMBER_OBJECT_CONVERSION = YES_AGGRESSIVE;
				CLANG_CXX_LANGUAGE_STANDARD = "gnu++0x";
				CLANG_CXX_LIBRARY = "libc++";
				CLANG_ENABLE_MODULES = YES;
				CLANG_ENABLE_OBJC_ARC = YES;
				CLANG_WARN_BOOL_CONVERSION = YES;
				CLANG_WARN_CONSTANT_CONVERSION = YES;
				CLANG_WARN_DIRECT_OBJC_ISA_USAGE = YES_ERROR;
				CLANG_WARN_DOCUMENTATION_COMMENTS = YES;
				CLANG_WARN_EMPTY_BODY = YES;
				CLANG_WARN_ENUM_CONVERSION = YES;
				CLANG_WARN_INFINITE_RECURSION = YES;
				CLANG_WARN_INT_CONVERSION = YES;
				CLANG_WARN_OBJC_ROOT_CLASS = YES_ERROR;
				CLANG_WARN_SUSPICIOUS_MOVE = YES;
				CLANG_WARN_UNREACHABLE_CODE = YES;
				CLANG_WARN__DUPLICATE_METHOD_MATCH = YES;
				"CODE_SIGN_IDENTITY[sdk=iphoneos*]" = "iPhone Developer";
				COPY_PHASE_STRIP = NO;
				DEBUG_INFORMATION_FORMAT = dwarf;
				ENABLE_STRICT_OBJC_MSGSEND = YES;
				ENABLE_TESTABILITY = YES;
				GCC_C_LANGUAGE_STANDARD = gnu99;
				GCC_DYNAMIC_NO_PIC = NO;
				GCC_NO_COMMON_BLOCKS = YES;
				GCC_OPTIMIZATION_LEVEL = 0;
				GCC_PREPROCESSOR_DEFINITIONS = (
					"DEBUG=1",
					"$(inherited)",
				);
				GCC_WARN_64_TO_32_BIT_CONVERSION = YES;
				GCC_WARN_ABOUT_RETURN_TYPE = YES_ERROR;
				GCC_WARN_UNDECLARED_SELECTOR = YES;
				GCC_WARN_UNINITIALIZED_AUTOS = YES_AGGRESSIVE;
				GCC_WARN_UNUSED_FUNCTION = YES;
				GCC_WARN_UNUSED_VARIABLE = YES;
				IPHONEOS_DEPLOYMENT_TARGET = 10.3;
				MTL_ENABLE_DEBUG_INFO = YES;
				ONLY_ACTIVE_ARCH = YES;
				SDKROOT = iphoneos;
				SWIFT_ACTIVE_COMPILATION_CONDITIONS = DEBUG;
				SWIFT_OPTIMIZATION_LEVEL = "-Onone";
				TARGETED_DEVICE_FAMILY = "1,2";
			};
			name = Debug;
		};
		A1FEF7AC1F5BBE2000198E22 /* Release */ = {
			isa = XCBuildConfiguration;
			buildSettings = {
				ALWAYS_SEARCH_USER_PATHS = NO;
				CLANG_ANALYZER_NONNULL = YES;
				CLANG_ANALYZER_NUMBER_OBJECT_CONVERSION = YES_AGGRESSIVE;
				CLANG_CXX_LANGUAGE_STANDARD = "gnu++0x";
				CLANG_CXX_LIBRARY = "libc++";
				CLANG_ENABLE_MODULES = YES;
				CLANG_ENABLE_OBJC_ARC = YES;
				CLANG_WARN_BOOL_CONVERSION = YES;
				CLANG_WARN_CONSTANT_CONVERSION = YES;
				CLANG_WARN_DIRECT_OBJC_ISA_USAGE = YES_ERROR;
				CLANG_WARN_DOCUMENTATION_COMMENTS = YES;
				CLANG_WARN_EMPTY_BODY = YES;
				CLANG_WARN_ENUM_CONVERSION = YES;
				CLANG_WARN_INFINITE_RECURSION = YES;
				CLANG_WARN_INT_CONVERSION = YES;
				CLANG_WARN_OBJC_ROOT_CLASS = YES_ERROR;
				CLANG_WARN_SUSPICIOUS_MOVE = YES;
				CLANG_WARN_UNREACHABLE_CODE = YES;
				CLANG_WARN__DUPLICATE_METHOD_MATCH = YES;
				"CODE_SIGN_IDENTITY[sdk=iphoneos*]" = "iPhone Developer";
				COPY_PHASE_STRIP = NO;
				DEBUG_INFORMATION_FORMAT = "dwarf-with-dsym";
				ENABLE_NS_ASSERTIONS = NO;
				ENABLE_STRICT_OBJC_MSGSEND = YES;
				GCC_C_LANGUAGE_STANDARD = gnu99;
				GCC_NO_COMMON_BLOCKS = YES;
				GCC_WARN_64_TO_32_BIT_CONVERSION = YES;
				GCC_WARN_ABOUT_RETURN_TYPE = YES_ERROR;
				GCC_WARN_UNDECLARED_SELECTOR = YES;
				GCC_WARN_UNINITIALIZED_AUTOS = YES_AGGRESSIVE;
				GCC_WARN_UNUSED_FUNCTION = YES;
				GCC_WARN_UNUSED_VARIABLE = YES;
				IPHONEOS_DEPLOYMENT_TARGET = 10.3;
				MTL_ENABLE_DEBUG_INFO = NO;
				SDKROOT = iphoneos;
				SWIFT_OPTIMIZATION_LEVEL = "-Owholemodule";
				TARGETED_DEVICE_FAMILY = "1,2";
				VALIDATE_PRODUCT = YES;
			};
			name = Release;
		};
		A1FEF7AE1F5BBE2000198E22 /* Debug */ = {
			isa = XCBuildConfiguration;
			buildSettings = {
				ASSETCATALOG_COMPILER_APPICON_NAME = AppIcon;
				DEVELOPMENT_TEAM = S4H6P8BNJB;
				INFOPLIST_FILE = oracul/Info.plist;
				LD_RUNPATH_SEARCH_PATHS = "$(inherited) @executable_path/Frameworks";
				PRODUCT_BUNDLE_IDENTIFIER = tarasevchenko.oracul;
				PRODUCT_NAME = "$(TARGET_NAME)";
				SWIFT_VERSION = 3.0;
			};
			name = Debug;
		};
		A1FEF7AF1F5BBE2000198E22 /* Release */ = {
			isa = XCBuildConfiguration;
			buildSettings = {
				ASSETCATALOG_COMPILER_APPICON_NAME = AppIcon;
				DEVELOPMENT_TEAM = S4H6P8BNJB;
				INFOPLIST_FILE = oracul/Info.plist;
				LD_RUNPATH_SEARCH_PATHS = "$(inherited) @executable_path/Frameworks";
				PRODUCT_BUNDLE_IDENTIFIER = tarasevchenko.oracul;
				PRODUCT_NAME = "$(TARGET_NAME)";
				SWIFT_VERSION = 3.0;
			};
			name = Release;
		};
		A1FEF7B11F5BBE2000198E22 /* Debug */ = {
			isa = XCBuildConfiguration;
			buildSettings = {
				ALWAYS_EMBED_SWIFT_STANDARD_LIBRARIES = YES;
				BUNDLE_LOADER = "$(TEST_HOST)";
				DEVELOPMENT_TEAM = S4H6P8BNJB;
				INFOPLIST_FILE = oraculTests/Info.plist;
				LD_RUNPATH_SEARCH_PATHS = "$(inherited) @executable_path/Frameworks @loader_path/Frameworks";
				PRODUCT_BUNDLE_IDENTIFIER = tarasevchenko.oraculTests;
				PRODUCT_NAME = "$(TARGET_NAME)";
				SWIFT_VERSION = 3.0;
				TEST_HOST = "$(BUILT_PRODUCTS_DIR)/oracul.app/oracul";
			};
			name = Debug;
		};
		A1FEF7B21F5BBE2000198E22 /* Release */ = {
			isa = XCBuildConfiguration;
			buildSettings = {
				ALWAYS_EMBED_SWIFT_STANDARD_LIBRARIES = YES;
				BUNDLE_LOADER = "$(TEST_HOST)";
				DEVELOPMENT_TEAM = S4H6P8BNJB;
				INFOPLIST_FILE = oraculTests/Info.plist;
				LD_RUNPATH_SEARCH_PATHS = "$(inherited) @executable_path/Frameworks @loader_path/Frameworks";
				PRODUCT_BUNDLE_IDENTIFIER = tarasevchenko.oraculTests;
				PRODUCT_NAME = "$(TARGET_NAME)";
				SWIFT_VERSION = 3.0;
				TEST_HOST = "$(BUILT_PRODUCTS_DIR)/oracul.app/oracul";
			};
			name = Release;
		};
		A1FEF7B41F5BBE2000198E22 /* Debug */ = {
			isa = XCBuildConfiguration;
			buildSettings = {
				ALWAYS_EMBED_SWIFT_STANDARD_LIBRARIES = YES;
				DEVELOPMENT_TEAM = S4H6P8BNJB;
				INFOPLIST_FILE = oraculUITests/Info.plist;
				LD_RUNPATH_SEARCH_PATHS = "$(inherited) @executable_path/Frameworks @loader_path/Frameworks";
				PRODUCT_BUNDLE_IDENTIFIER = tarasevchenko.oraculUITests;
				PRODUCT_NAME = "$(TARGET_NAME)";
				SWIFT_VERSION = 3.0;
				TEST_TARGET_NAME = oracul;
			};
			name = Debug;
		};
		A1FEF7B51F5BBE2000198E22 /* Release */ = {
			isa = XCBuildConfiguration;
			buildSettings = {
				ALWAYS_EMBED_SWIFT_STANDARD_LIBRARIES = YES;
				DEVELOPMENT_TEAM = S4H6P8BNJB;
				INFOPLIST_FILE = oraculUITests/Info.plist;
				LD_RUNPATH_SEARCH_PATHS = "$(inherited) @executable_path/Frameworks @loader_path/Frameworks";
				PRODUCT_BUNDLE_IDENTIFIER = tarasevchenko.oraculUITests;
				PRODUCT_NAME = "$(TARGET_NAME)";
				SWIFT_VERSION = 3.0;
				TEST_TARGET_NAME = oracul;
			};
			name = Release;
		};
/* End XCBuildConfiguration section */

/* Begin XCConfigurationList section */
		A1FEF7801F5BBE2000198E22 /* Build configuration list for PBXProject "oracul" */ = {
			isa = XCConfigurationList;
			buildConfigurations = (
				A1FEF7AB1F5BBE2000198E22 /* Debug */,
				A1FEF7AC1F5BBE2000198E22 /* Release */,
			);
			defaultConfigurationIsVisible = 0;
			defaultConfigurationName = Release;
		};
		A1FEF7AD1F5BBE2000198E22 /* Build configuration list for PBXNativeTarget "oracul" */ = {
			isa = XCConfigurationList;
			buildConfigurations = (
				A1FEF7AE1F5BBE2000198E22 /* Debug */,
				A1FEF7AF1F5BBE2000198E22 /* Release */,
			);
			defaultConfigurationIsVisible = 0;
			defaultConfigurationName = Release;
		};
		A1FEF7B01F5BBE2000198E22 /* Build configuration list for PBXNativeTarget "oraculTests" */ = {
			isa = XCConfigurationList;
			buildConfigurations = (
				A1FEF7B11F5BBE2000198E22 /* Debug */,
				A1FEF7B21F5BBE2000198E22 /* Release */,
			);
			defaultConfigurationIsVisible = 0;
			defaultConfigurationName = Release;
		};
		A1FEF7B31F5BBE2000198E22 /* Build configuration list for PBXNativeTarget "oraculUITests" */ = {
			isa = XCConfigurationList;
			buildConfigurations = (
				A1FEF7B41F5BBE2000198E22 /* Debug */,
				A1FEF7B51F5BBE2000198E22 /* Release */,
			);
			defaultConfigurationIsVisible = 0;
			defaultConfigurationName = Release;
		};
/* End XCConfigurationList section */
	};
	rootObject = A1FEF77D1F5BBE2000198E22 /* Project object */;
}
