// !$*UTF8*$!
{
	archiveVersion = 1;
	classes = {
	};
	objectVersion = 46;
	objects = {

/* Begin PBXBuildFile section */
		A196943E1F67CCFC007343B9 /* ViewControllerTwo.swift in Sources */ = {isa = PBXBuildFile; fileRef = A196943D1F67CCFC007343B9 /* ViewControllerTwo.swift */; };
		A19694441F68117E007343B9 /* viewControllerCellAdvice.swift in Sources */ = {isa = PBXBuildFile; fileRef = A19694431F68117E007343B9 /* viewControllerCellAdvice.swift */; };
		A1ABED5C1F55BB9400BF4428 /* AppDelegate.swift in Sources */ = {isa = PBXBuildFile; fileRef = A1ABED5B1F55BB9400BF4428 /* AppDelegate.swift */; };
		A1ABED5E1F55BB9400BF4428 /* ViewController.swift in Sources */ = {isa = PBXBuildFile; fileRef = A1ABED5D1F55BB9400BF4428 /* ViewController.swift */; };
		A1ABED611F55BB9400BF4428 /* Main.storyboard in Resources */ = {isa = PBXBuildFile; fileRef = A1ABED5F1F55BB9400BF4428 /* Main.storyboard */; };
		A1ABED631F55BB9400BF4428 /* Assets.xcassets in Resources */ = {isa = PBXBuildFile; fileRef = A1ABED621F55BB9400BF4428 /* Assets.xcassets */; };
		A1ABED661F55BB9400BF4428 /* LaunchScreen.storyboard in Resources */ = {isa = PBXBuildFile; fileRef = A1ABED641F55BB9400BF4428 /* LaunchScreen.storyboard */; };
		A1ABED711F55BB9400BF4428 /* _234testTests.swift in Sources */ = {isa = PBXBuildFile; fileRef = A1ABED701F55BB9400BF4428 /* _234testTests.swift */; };
		A1ABED7C1F55BB9400BF4428 /* _234testUITests.swift in Sources */ = {isa = PBXBuildFile; fileRef = A1ABED7B1F55BB9400BF4428 /* _234testUITests.swift */; };
		A1F72B7D1F613944007B3271 /* adviceModel.swift in Sources */ = {isa = PBXBuildFile; fileRef = A1F72B7C1F613944007B3271 /* adviceModel.swift */; };
		A1F72B7F1F613966007B3271 /* adviceService.swift in Sources */ = {isa = PBXBuildFile; fileRef = A1F72B7E1F613966007B3271 /* adviceService.swift */; };
		A1F72B811F6139BA007B3271 /* advices.json in Resources */ = {isa = PBXBuildFile; fileRef = A1F72B801F6139BA007B3271 /* advices.json */; };
/* End PBXBuildFile section */

/* Begin PBXContainerItemProxy section */
		A1ABED6D1F55BB9400BF4428 /* PBXContainerItemProxy */ = {
			isa = PBXContainerItemProxy;
			containerPortal = A1ABED501F55BB9400BF4428 /* Project object */;
			proxyType = 1;
			remoteGlobalIDString = A1ABED571F55BB9400BF4428;
			remoteInfo = 1234test;
		};
		A1ABED781F55BB9400BF4428 /* PBXContainerItemProxy */ = {
			isa = PBXContainerItemProxy;
			containerPortal = A1ABED501F55BB9400BF4428 /* Project object */;
			proxyType = 1;
			remoteGlobalIDString = A1ABED571F55BB9400BF4428;
			remoteInfo = 1234test;
		};
/* End PBXContainerItemProxy section */

/* Begin PBXFileReference section */
		A196943D1F67CCFC007343B9 /* ViewControllerTwo.swift */ = {isa = PBXFileReference; fileEncoding = 4; lastKnownFileType = sourcecode.swift; path = ViewControllerTwo.swift; sourceTree = "<group>"; };
		A19694431F68117E007343B9 /* viewControllerCellAdvice.swift */ = {isa = PBXFileReference; fileEncoding = 4; lastKnownFileType = sourcecode.swift; path = viewControllerCellAdvice.swift; sourceTree = "<group>"; };
		A1ABED581F55BB9400BF4428 /* lessonOneTestButton.app */ = {isa = PBXFileReference; explicitFileType = wrapper.application; includeInIndex = 0; path = lessonOneTestButton.app; sourceTree = BUILT_PRODUCTS_DIR; };
		A1ABED5B1F55BB9400BF4428 /* AppDelegate.swift */ = {isa = PBXFileReference; lastKnownFileType = sourcecode.swift; path = AppDelegate.swift; sourceTree = "<group>"; };
		A1ABED5D1F55BB9400BF4428 /* ViewController.swift */ = {isa = PBXFileReference; lastKnownFileType = sourcecode.swift; path = ViewController.swift; sourceTree = "<group>"; };
		A1ABED601F55BB9400BF4428 /* Base */ = {isa = PBXFileReference; lastKnownFileType = file.storyboard; name = Base; path = Base.lproj/Main.storyboard; sourceTree = "<group>"; };
		A1ABED621F55BB9400BF4428 /* Assets.xcassets */ = {isa = PBXFileReference; lastKnownFileType = folder.assetcatalog; path = Assets.xcassets; sourceTree = "<group>"; };
		A1ABED651F55BB9400BF4428 /* Base */ = {isa = PBXFileReference; lastKnownFileType = file.storyboard; name = Base; path = Base.lproj/LaunchScreen.storyboard; sourceTree = "<group>"; };
		A1ABED671F55BB9400BF4428 /* Info.plist */ = {isa = PBXFileReference; lastKnownFileType = text.plist.xml; path = Info.plist; sourceTree = "<group>"; };
		A1ABED6C1F55BB9400BF4428 /* lessonOneTestButtonTests.xctest */ = {isa = PBXFileReference; explicitFileType = wrapper.cfbundle; includeInIndex = 0; path = lessonOneTestButtonTests.xctest; sourceTree = BUILT_PRODUCTS_DIR; };
		A1ABED701F55BB9400BF4428 /* _234testTests.swift */ = {isa = PBXFileReference; lastKnownFileType = sourcecode.swift; path = _234testTests.swift; sourceTree = "<group>"; };
		A1ABED721F55BB9400BF4428 /* Info.plist */ = {isa = PBXFileReference; lastKnownFileType = text.plist.xml; path = Info.plist; sourceTree = "<group>"; };
		A1ABED771F55BB9400BF4428 /* lessonOneTestButtonUITests.xctest */ = {isa = PBXFileReference; explicitFileType = wrapper.cfbundle; includeInIndex = 0; path = lessonOneTestButtonUITests.xctest; sourceTree = BUILT_PRODUCTS_DIR; };
		A1ABED7B1F55BB9400BF4428 /* _234testUITests.swift */ = {isa = PBXFileReference; lastKnownFileType = sourcecode.swift; path = _234testUITests.swift; sourceTree = "<group>"; };
		A1ABED7D1F55BB9400BF4428 /* Info.plist */ = {isa = PBXFileReference; lastKnownFileType = text.plist.xml; path = Info.plist; sourceTree = "<group>"; };
		A1F72B7C1F613944007B3271 /* adviceModel.swift */ = {isa = PBXFileReference; fileEncoding = 4; lastKnownFileType = sourcecode.swift; path = adviceModel.swift; sourceTree = "<group>"; };
		A1F72B7E1F613966007B3271 /* adviceService.swift */ = {isa = PBXFileReference; fileEncoding = 4; lastKnownFileType = sourcecode.swift; path = adviceService.swift; sourceTree = "<group>"; };
		A1F72B801F6139BA007B3271 /* advices.json */ = {isa = PBXFileReference; fileEncoding = 4; lastKnownFileType = text.json; path = advices.json; sourceTree = "<group>"; };
/* End PBXFileReference section */

/* Begin PBXFrameworksBuildPhase section */
		A1ABED551F55BB9400BF4428 /* Frameworks */ = {
			isa = PBXFrameworksBuildPhase;
			buildActionMask = 2147483647;
			files = (
			);
			runOnlyForDeploymentPostprocessing = 0;
		};
		A1ABED691F55BB9400BF4428 /* Frameworks */ = {
			isa = PBXFrameworksBuildPhase;
			buildActionMask = 2147483647;
			files = (
			);
			runOnlyForDeploymentPostprocessing = 0;
		};
		A1ABED741F55BB9400BF4428 /* Frameworks */ = {
			isa = PBXFrameworksBuildPhase;
			buildActionMask = 2147483647;
			files = (
			);
			runOnlyForDeploymentPostprocessing = 0;
		};
/* End PBXFrameworksBuildPhase section */

/* Begin PBXGroup section */
		A1ABED4F1F55BB9400BF4428 = {
			isa = PBXGroup;
			children = (
				A1ABED5A1F55BB9400BF4428 /* 1234test */,
				A1ABED6F1F55BB9400BF4428 /* 1234testTests */,
				A1ABED7A1F55BB9400BF4428 /* 1234testUITests */,
				A1ABED591F55BB9400BF4428 /* Products */,
			);
			sourceTree = "<group>";
		};
		A1ABED591F55BB9400BF4428 /* Products */ = {
			isa = PBXGroup;
			children = (
				A1ABED581F55BB9400BF4428 /* lessonOneTestButton.app */,
				A1ABED6C1F55BB9400BF4428 /* lessonOneTestButtonTests.xctest */,
				A1ABED771F55BB9400BF4428 /* lessonOneTestButtonUITests.xctest */,
			);
			name = Products;
			sourceTree = "<group>";
		};
		A1ABED5A1F55BB9400BF4428 /* 1234test */ = {
			isa = PBXGroup;
			children = (
				A1ABED5D1F55BB9400BF4428 /* ViewController.swift */,
				A196943D1F67CCFC007343B9 /* ViewControllerTwo.swift */,
				A19694431F68117E007343B9 /* viewControllerCellAdvice.swift */,
				A1F72B7E1F613966007B3271 /* adviceService.swift */,
				A1F72B7C1F613944007B3271 /* adviceModel.swift */,
				A1ABED5B1F55BB9400BF4428 /* AppDelegate.swift */,
				A1F72B801F6139BA007B3271 /* advices.json */,
				A1ABED5F1F55BB9400BF4428 /* Main.storyboard */,
				A1ABED621F55BB9400BF4428 /* Assets.xcassets */,
				A1ABED641F55BB9400BF4428 /* LaunchScreen.storyboard */,
				A1ABED671F55BB9400BF4428 /* Info.plist */,
			);
			path = 1234test;
			sourceTree = "<group>";
		};
		A1ABED6F1F55BB9400BF4428 /* 1234testTests */ = {
			isa = PBXGroup;
			children = (
				A1ABED701F55BB9400BF4428 /* _234testTests.swift */,
				A1ABED721F55BB9400BF4428 /* Info.plist */,
			);
			path = 1234testTests;
			sourceTree = "<group>";
		};
		A1ABED7A1F55BB9400BF4428 /* 1234testUITests */ = {
			isa = PBXGroup;
			children = (
				A1ABED7B1F55BB9400BF4428 /* _234testUITests.swift */,
				A1ABED7D1F55BB9400BF4428 /* Info.plist */,
			);
			path = 1234testUITests;
			sourceTree = "<group>";
		};
/* End PBXGroup section */

/* Begin PBXNativeTarget section */
		A1ABED571F55BB9400BF4428 /* lessonOneTestButton */ = {
			isa = PBXNativeTarget;
			buildConfigurationList = A1ABED801F55BB9400BF4428 /* Build configuration list for PBXNativeTarget "lessonOneTestButton" */;
			buildPhases = (
				A1ABED541F55BB9400BF4428 /* Sources */,
				A1ABED551F55BB9400BF4428 /* Frameworks */,
				A1ABED561F55BB9400BF4428 /* Resources */,
			);
			buildRules = (
			);
			dependencies = (
			);
			name = lessonOneTestButton;
			productName = 1234test;
			productReference = A1ABED581F55BB9400BF4428 /* lessonOneTestButton.app */;
			productType = "com.apple.product-type.application";
		};
		A1ABED6B1F55BB9400BF4428 /* lessonOneTestButtonTests */ = {
			isa = PBXNativeTarget;
			buildConfigurationList = A1ABED831F55BB9400BF4428 /* Build configuration list for PBXNativeTarget "lessonOneTestButtonTests" */;
			buildPhases = (
				A1ABED681F55BB9400BF4428 /* Sources */,
				A1ABED691F55BB9400BF4428 /* Frameworks */,
				A1ABED6A1F55BB9400BF4428 /* Resources */,
			);
			buildRules = (
			);
			dependencies = (
				A1ABED6E1F55BB9400BF4428 /* PBXTargetDependency */,
			);
			name = lessonOneTestButtonTests;
			productName = 1234testTests;
			productReference = A1ABED6C1F55BB9400BF4428 /* lessonOneTestButtonTests.xctest */;
			productType = "com.apple.product-type.bundle.unit-test";
		};
		A1ABED761F55BB9400BF4428 /* lessonOneTestButtonUITests */ = {
			isa = PBXNativeTarget;
			buildConfigurationList = A1ABED861F55BB9400BF4428 /* Build configuration list for PBXNativeTarget "lessonOneTestButtonUITests" */;
			buildPhases = (
				A1ABED731F55BB9400BF4428 /* Sources */,
				A1ABED741F55BB9400BF4428 /* Frameworks */,
				A1ABED751F55BB9400BF4428 /* Resources */,
			);
			buildRules = (
			);
			dependencies = (
				A1ABED791F55BB9400BF4428 /* PBXTargetDependency */,
			);
			name = lessonOneTestButtonUITests;
			productName = 1234testUITests;
			productReference = A1ABED771F55BB9400BF4428 /* lessonOneTestButtonUITests.xctest */;
			productType = "com.apple.product-type.bundle.ui-testing";
		};
/* End PBXNativeTarget section */

/* Begin PBXProject section */
		A1ABED501F55BB9400BF4428 /* Project object */ = {
			isa = PBXProject;
			attributes = {
				LastSwiftUpdateCheck = 0830;
				LastUpgradeCheck = 0830;
				ORGANIZATIONNAME = "Тарас Евченко";
				TargetAttributes = {
					A1ABED571F55BB9400BF4428 = {
						CreatedOnToolsVersion = 8.3.3;
						DevelopmentTeam = S4H6P8BNJB;
						ProvisioningStyle = Automatic;
					};
					A1ABED6B1F55BB9400BF4428 = {
						CreatedOnToolsVersion = 8.3.3;
						ProvisioningStyle = Automatic;
						TestTargetID = A1ABED571F55BB9400BF4428;
					};
					A1ABED761F55BB9400BF4428 = {
						CreatedOnToolsVersion = 8.3.3;
						ProvisioningStyle = Automatic;
						TestTargetID = A1ABED571F55BB9400BF4428;
					};
				};
			};
			buildConfigurationList = A1ABED531F55BB9400BF4428 /* Build configuration list for PBXProject "lessonOneTestButton" */;
			compatibilityVersion = "Xcode 3.2";
			developmentRegion = English;
			hasScannedForEncodings = 0;
			knownRegions = (
				en,
				Base,
			);
			mainGroup = A1ABED4F1F55BB9400BF4428;
			productRefGroup = A1ABED591F55BB9400BF4428 /* Products */;
			projectDirPath = "";
			projectRoot = "";
			targets = (
				A1ABED571F55BB9400BF4428 /* lessonOneTestButton */,
				A1ABED6B1F55BB9400BF4428 /* lessonOneTestButtonTests */,
				A1ABED761F55BB9400BF4428 /* lessonOneTestButtonUITests */,
			);
		};
/* End PBXProject section */

/* Begin PBXResourcesBuildPhase section */
		A1ABED561F55BB9400BF4428 /* Resources */ = {
			isa = PBXResourcesBuildPhase;
			buildActionMask = 2147483647;
			files = (
				A1ABED661F55BB9400BF4428 /* LaunchScreen.storyboard in Resources */,
				A1ABED631F55BB9400BF4428 /* Assets.xcassets in Resources */,
				A1ABED611F55BB9400BF4428 /* Main.storyboard in Resources */,
				A1F72B811F6139BA007B3271 /* advices.json in Resources */,
			);
			runOnlyForDeploymentPostprocessing = 0;
		};
		A1ABED6A1F55BB9400BF4428 /* Resources */ = {
			isa = PBXResourcesBuildPhase;
			buildActionMask = 2147483647;
			files = (
			);
			runOnlyForDeploymentPostprocessing = 0;
		};
		A1ABED751F55BB9400BF4428 /* Resources */ = {
			isa = PBXResourcesBuildPhase;
			buildActionMask = 2147483647;
			files = (
			);
			runOnlyForDeploymentPostprocessing = 0;
		};
/* End PBXResourcesBuildPhase section */

/* Begin PBXSourcesBuildPhase section */
		A1ABED541F55BB9400BF4428 /* Sources */ = {
			isa = PBXSourcesBuildPhase;
			buildActionMask = 2147483647;
			files = (
				A19694441F68117E007343B9 /* viewControllerCellAdvice.swift in Sources */,
				A196943E1F67CCFC007343B9 /* ViewControllerTwo.swift in Sources */,
				A1F72B7D1F613944007B3271 /* adviceModel.swift in Sources */,
				A1ABED5E1F55BB9400BF4428 /* ViewController.swift in Sources */,
				A1ABED5C1F55BB9400BF4428 /* AppDelegate.swift in Sources */,
				A1F72B7F1F613966007B3271 /* adviceService.swift in Sources */,
			);
			runOnlyForDeploymentPostprocessing = 0;
		};
		A1ABED681F55BB9400BF4428 /* Sources */ = {
			isa = PBXSourcesBuildPhase;
			buildActionMask = 2147483647;
			files = (
				A1ABED711F55BB9400BF4428 /* _234testTests.swift in Sources */,
			);
			runOnlyForDeploymentPostprocessing = 0;
		};
		A1ABED731F55BB9400BF4428 /* Sources */ = {
			isa = PBXSourcesBuildPhase;
			buildActionMask = 2147483647;
			files = (
				A1ABED7C1F55BB9400BF4428 /* _234testUITests.swift in Sources */,
			);
			runOnlyForDeploymentPostprocessing = 0;
		};
/* End PBXSourcesBuildPhase section */

/* Begin PBXTargetDependency section */
		A1ABED6E1F55BB9400BF4428 /* PBXTargetDependency */ = {
			isa = PBXTargetDependency;
			target = A1ABED571F55BB9400BF4428 /* lessonOneTestButton */;
			targetProxy = A1ABED6D1F55BB9400BF4428 /* PBXContainerItemProxy */;
		};
		A1ABED791F55BB9400BF4428 /* PBXTargetDependency */ = {
			isa = PBXTargetDependency;
			target = A1ABED571F55BB9400BF4428 /* lessonOneTestButton */;
			targetProxy = A1ABED781F55BB9400BF4428 /* PBXContainerItemProxy */;
		};
/* End PBXTargetDependency section */

/* Begin PBXVariantGroup section */
		A1ABED5F1F55BB9400BF4428 /* Main.storyboard */ = {
			isa = PBXVariantGroup;
			children = (
				A1ABED601F55BB9400BF4428 /* Base */,
			);
			name = Main.storyboard;
			sourceTree = "<group>";
		};
		A1ABED641F55BB9400BF4428 /* LaunchScreen.storyboard */ = {
			isa = PBXVariantGroup;
			children = (
				A1ABED651F55BB9400BF4428 /* Base */,
			);
			name = LaunchScreen.storyboard;
			sourceTree = "<group>";
		};
/* End PBXVariantGroup section */

/* Begin XCBuildConfiguration section */
		A1ABED7E1F55BB9400BF4428 /* Debug */ = {
			isa = XCBuildConfiguration;
			buildSettings = {
				ALWAYS_SEARCH_USER_PATHS = NO;
				CLANG_ANALYZER_NONNULL = YES;
				CLANG_ANALYZER_NUMBER_OBJECT_CONVERSION = YES_AGGRESSIVE;
				CLANG_CXX_LANGUAGE_STANDARD = "gnu++0x";
				CLANG_CXX_LIBRARY = "libc++";
				CLANG_ENABLE_MODULES = YES;
				CLANG_ENABLE_OBJC_ARC = YES;
				CLANG_WARN_BOOL_CONVERSION = YES;
				CLANG_WARN_CONSTANT_CONVERSION = YES;
				CLANG_WARN_DIRECT_OBJC_ISA_USAGE = YES_ERROR;
				CLANG_WARN_DOCUMENTATION_COMMENTS = YES;
				CLANG_WARN_EMPTY_BODY = YES;
				CLANG_WARN_ENUM_CONVERSION = YES;
				CLANG_WARN_INFINITE_RECURSION = YES;
				CLANG_WARN_INT_CONVERSION = YES;
				CLANG_WARN_OBJC_ROOT_CLASS = YES_ERROR;
				CLANG_WARN_SUSPICIOUS_MOVE = YES;
				CLANG_WARN_UNREACHABLE_CODE = YES;
				CLANG_WARN__DUPLICATE_METHOD_MATCH = YES;
				"CODE_SIGN_IDENTITY[sdk=iphoneos*]" = "iPhone Developer";
				COPY_PHASE_STRIP = NO;
				DEBUG_INFORMATION_FORMAT = dwarf;
				ENABLE_STRICT_OBJC_MSGSEND = YES;
				ENABLE_TESTABILITY = YES;
				GCC_C_LANGUAGE_STANDARD = gnu99;
				GCC_DYNAMIC_NO_PIC = NO;
				GCC_NO_COMMON_BLOCKS = YES;
				GCC_OPTIMIZATION_LEVEL = 0;
				GCC_PREPROCESSOR_DEFINITIONS = (
					"DEBUG=1",
					"$(inherited)",
				);
				GCC_WARN_64_TO_32_BIT_CONVERSION = YES;
				GCC_WARN_ABOUT_RETURN_TYPE = YES_ERROR;
				GCC_WARN_UNDECLARED_SELECTOR = YES;
				GCC_WARN_UNINITIALIZED_AUTOS = YES_AGGRESSIVE;
				GCC_WARN_UNUSED_FUNCTION = YES;
				GCC_WARN_UNUSED_VARIABLE = YES;
				IPHONEOS_DEPLOYMENT_TARGET = 10.3;
				MTL_ENABLE_DEBUG_INFO = YES;
				ONLY_ACTIVE_ARCH = YES;
				SDKROOT = iphoneos;
				SWIFT_ACTIVE_COMPILATION_CONDITIONS = DEBUG;
				SWIFT_OPTIMIZATION_LEVEL = "-Onone";
				TARGETED_DEVICE_FAMILY = "1,2";
			};
			name = Debug;
		};
		A1ABED7F1F55BB9400BF4428 /* Release */ = {
			isa = XCBuildConfiguration;
			buildSettings = {
				ALWAYS_SEARCH_USER_PATHS = NO;
				CLANG_ANALYZER_NONNULL = YES;
				CLANG_ANALYZER_NUMBER_OBJECT_CONVERSION = YES_AGGRESSIVE;
				CLANG_CXX_LANGUAGE_STANDARD = "gnu++0x";
				CLANG_CXX_LIBRARY = "libc++";
				CLANG_ENABLE_MODULES = YES;
				CLANG_ENABLE_OBJC_ARC = YES;
				CLANG_WARN_BOOL_CONVERSION = YES;
				CLANG_WARN_CONSTANT_CONVERSION = YES;
				CLANG_WARN_DIRECT_OBJC_ISA_USAGE = YES_ERROR;
				CLANG_WARN_DOCUMENTATION_COMMENTS = YES;
				CLANG_WARN_EMPTY_BODY = YES;
				CLANG_WARN_ENUM_CONVERSION = YES;
				CLANG_WARN_INFINITE_RECURSION = YES;
				CLANG_WARN_INT_CONVERSION = YES;
				CLANG_WARN_OBJC_ROOT_CLASS = YES_ERROR;
				CLANG_WARN_SUSPICIOUS_MOVE = YES;
				CLANG_WARN_UNREACHABLE_CODE = YES;
				CLANG_WARN__DUPLICATE_METHOD_MATCH = YES;
				"CODE_SIGN_IDENTITY[sdk=iphoneos*]" = "iPhone Developer";
				COPY_PHASE_STRIP = NO;
				DEBUG_INFORMATION_FORMAT = "dwarf-with-dsym";
				ENABLE_NS_ASSERTIONS = NO;
				ENABLE_STRICT_OBJC_MSGSEND = YES;
				GCC_C_LANGUAGE_STANDARD = gnu99;
				GCC_NO_COMMON_BLOCKS = YES;
				GCC_WARN_64_TO_32_BIT_CONVERSION = YES;
				GCC_WARN_ABOUT_RETURN_TYPE = YES_ERROR;
				GCC_WARN_UNDECLARED_SELECTOR = YES;
				GCC_WARN_UNINITIALIZED_AUTOS = YES_AGGRESSIVE;
				GCC_WARN_UNUSED_FUNCTION = YES;
				GCC_WARN_UNUSED_VARIABLE = YES;
				IPHONEOS_DEPLOYMENT_TARGET = 10.3;
				MTL_ENABLE_DEBUG_INFO = NO;
				SDKROOT = iphoneos;
				SWIFT_OPTIMIZATION_LEVEL = "-Owholemodule";
				TARGETED_DEVICE_FAMILY = "1,2";
				VALIDATE_PRODUCT = YES;
			};
			name = Release;
		};
		A1ABED811F55BB9400BF4428 /* Debug */ = {
			isa = XCBuildConfiguration;
			buildSettings = {
				ASSETCATALOG_COMPILER_APPICON_NAME = AppIcon;
				"CODE_SIGN_IDENTITY[sdk=iphoneos*]" = "iPhone Developer";
				DEVELOPMENT_TEAM = S4H6P8BNJB;
				INFOPLIST_FILE = 1234test/Info.plist;
				IPHONEOS_DEPLOYMENT_TARGET = 10.3;
				LD_RUNPATH_SEARCH_PATHS = "$(inherited) @executable_path/Frameworks";
				PRODUCT_BUNDLE_IDENTIFIER = testButtonLessonOne.ru;
				PRODUCT_NAME = "$(TARGET_NAME)";
				PROVISIONING_PROFILE_SPECIFIER = "";
				SWIFT_VERSION = 3.0;
			};
			name = Debug;
		};
		A1ABED821F55BB9400BF4428 /* Release */ = {
			isa = XCBuildConfiguration;
			buildSettings = {
				ASSETCATALOG_COMPILER_APPICON_NAME = AppIcon;
				"CODE_SIGN_IDENTITY[sdk=iphoneos*]" = "iPhone Developer";
				DEVELOPMENT_TEAM = S4H6P8BNJB;
				INFOPLIST_FILE = 1234test/Info.plist;
				IPHONEOS_DEPLOYMENT_TARGET = 10.3;
				LD_RUNPATH_SEARCH_PATHS = "$(inherited) @executable_path/Frameworks";
				PRODUCT_BUNDLE_IDENTIFIER = testButtonLessonOne.ru;
				PRODUCT_NAME = "$(TARGET_NAME)";
				PROVISIONING_PROFILE_SPECIFIER = "";
				SWIFT_VERSION = 3.0;
			};
			name = Release;
		};
		A1ABED841F55BB9400BF4428 /* Debug */ = {
			isa = XCBuildConfiguration;
			buildSettings = {
				ALWAYS_EMBED_SWIFT_STANDARD_LIBRARIES = YES;
				BUNDLE_LOADER = "$(TEST_HOST)";
				INFOPLIST_FILE = 1234testTests/Info.plist;
				LD_RUNPATH_SEARCH_PATHS = "$(inherited) @executable_path/Frameworks @loader_path/Frameworks";
				PRODUCT_BUNDLE_IDENTIFIER = "-23.-234testTests";
				PRODUCT_NAME = "$(TARGET_NAME)";
				SWIFT_VERSION = 3.0;
				TEST_HOST = "$(BUILT_PRODUCTS_DIR)/lessonOneTestButton.app/lessonOneTestButton";
			};
			name = Debug;
		};
		A1ABED851F55BB9400BF4428 /* Release */ = {
			isa = XCBuildConfiguration;
			buildSettings = {
				ALWAYS_EMBED_SWIFT_STANDARD_LIBRARIES = YES;
				BUNDLE_LOADER = "$(TEST_HOST)";
				INFOPLIST_FILE = 1234testTests/Info.plist;
				LD_RUNPATH_SEARCH_PATHS = "$(inherited) @executable_path/Frameworks @loader_path/Frameworks";
				PRODUCT_BUNDLE_IDENTIFIER = "-23.-234testTests";
				PRODUCT_NAME = "$(TARGET_NAME)";
				SWIFT_VERSION = 3.0;
				TEST_HOST = "$(BUILT_PRODUCTS_DIR)/lessonOneTestButton.app/lessonOneTestButton";
			};
			name = Release;
		};
		A1ABED871F55BB9400BF4428 /* Debug */ = {
			isa = XCBuildConfiguration;
			buildSettings = {
				ALWAYS_EMBED_SWIFT_STANDARD_LIBRARIES = YES;
				INFOPLIST_FILE = 1234testUITests/Info.plist;
				LD_RUNPATH_SEARCH_PATHS = "$(inherited) @executable_path/Frameworks @loader_path/Frameworks";
				PRODUCT_BUNDLE_IDENTIFIER = "-23.-234testUITests";
				PRODUCT_NAME = "$(TARGET_NAME)";
				SWIFT_VERSION = 3.0;
				TEST_TARGET_NAME = 1234test;
			};
			name = Debug;
		};
		A1ABED881F55BB9400BF4428 /* Release */ = {
			isa = XCBuildConfiguration;
			buildSettings = {
				ALWAYS_EMBED_SWIFT_STANDARD_LIBRARIES = YES;
				INFOPLIST_FILE = 1234testUITests/Info.plist;
				LD_RUNPATH_SEARCH_PATHS = "$(inherited) @executable_path/Frameworks @loader_path/Frameworks";
				PRODUCT_BUNDLE_IDENTIFIER = "-23.-234testUITests";
				PRODUCT_NAME = "$(TARGET_NAME)";
				SWIFT_VERSION = 3.0;
				TEST_TARGET_NAME = 1234test;
			};
			name = Release;
		};
/* End XCBuildConfiguration section */

/* Begin XCConfigurationList section */
		A1ABED531F55BB9400BF4428 /* Build configuration list for PBXProject "lessonOneTestButton" */ = {
			isa = XCConfigurationList;
			buildConfigurations = (
				A1ABED7E1F55BB9400BF4428 /* Debug */,
				A1ABED7F1F55BB9400BF4428 /* Release */,
			);
			defaultConfigurationIsVisible = 0;
			defaultConfigurationName = Release;
		};
		A1ABED801F55BB9400BF4428 /* Build configuration list for PBXNativeTarget "lessonOneTestButton" */ = {
			isa = XCConfigurationList;
			buildConfigurations = (
				A1ABED811F55BB9400BF4428 /* Debug */,
				A1ABED821F55BB9400BF4428 /* Release */,
			);
			defaultConfigurationIsVisible = 0;
			defaultConfigurationName = Release;
		};
		A1ABED831F55BB9400BF4428 /* Build configuration list for PBXNativeTarget "lessonOneTestButtonTests" */ = {
			isa = XCConfigurationList;
			buildConfigurations = (
				A1ABED841F55BB9400BF4428 /* Debug */,
				A1ABED851F55BB9400BF4428 /* Release */,
			);
			defaultConfigurationIsVisible = 0;
			defaultConfigurationName = Release;
		};
		A1ABED861F55BB9400BF4428 /* Build configuration list for PBXNativeTarget "lessonOneTestButtonUITests" */ = {
			isa = XCConfigurationList;
			buildConfigurations = (
				A1ABED871F55BB9400BF4428 /* Debug */,
				A1ABED881F55BB9400BF4428 /* Release */,
			);
			defaultConfigurationIsVisible = 0;
			defaultConfigurationName = Release;
		};
/* End XCConfigurationList section */
	};
	rootObject = A1ABED501F55BB9400BF4428 /* Project object */;
}
